Microsoft Visual Studio Solution File, Format Version 12.00
# Visual Studio Version 17
VisualStudioVersion = 17.5.2.0
MinimumVisualStudioVersion = 10.0.40219.1
Project("{FAE04EC0-301F-11D3-BF4B-00C04F79EFBC}") = "Warehouse.Api", "Warehouse.Api.csproj", "{E9F61004-BF96-4E56-2336-2FAEEB79BCDA}"
EndProject
Global
	GlobalSection(SolutionConfigurationPlatforms) = preSolution
		Debug|Any CPU = Debug|Any CPU
		Release|Any CPU = Release|Any CPU
	EndGlobalSection
	GlobalSection(ProjectConfigurationPlatforms) = postSolution
		{E9F61004-BF96-4E56-2336-2FAEEB79BCDA}.Debug|Any CPU.ActiveCfg = Debug|Any CPU
		{E9F61004-BF96-4E56-2336-2FAEEB79BCDA}.Debug|Any CPU.Build.0 = Debug|Any CPU
		{E9F61004-BF96-4E56-2336-2FAEEB79BCDA}.Release|Any CPU.ActiveCfg = Release|Any CPU
		{E9F61004-BF96-4E56-2336-2FAEEB79BCDA}.Release|Any CPU.Build.0 = Release|Any CPU
	EndGlobalSection
	GlobalSection(SolutionProperties) = preSolution
		HideSolutionNode = FALSE
	EndGlobalSection
	GlobalSection(ExtensibilityGlobals) = postSolution
		SolutionGuid = {FA5EF3AE-D03B-43A1-B146-C560A6ABBF69}
	EndGlobalSection
EndGlobal
